
Microsoft Visual Studio Solution File, Format Version 12.00
# Visual Studio Version 17
VisualStudioVersion = 17.7.34202.233
MinimumVisualStudioVersion = 10.0.40219.1
Project("{9A19103F-16F7-4668-BE54-9A1E7A4F7556}") = "API_Project", "API_Project\API_Project.csproj", "{E5C55C32-25B9-4844-AB3B-62017C1C5FE4}"
EndProject
Global
	GlobalSection(SolutionConfigurationPlatforms) = preSolution
		Debug|Any CPU = Debug|Any CPU
		Release|Any CPU = Release|Any CPU
	EndGlobalSection
	GlobalSection(ProjectConfigurationPlatforms) = postSolution
		{E5C55C32-25B9-4844-AB3B-62017C1C5FE4}.Debug|Any CPU.ActiveCfg = Debug|Any CPU
		{E5C55C32-25B9-4844-AB3B-62017C1C5FE4}.Debug|Any CPU.Build.0 = Debug|Any CPU
		{E5C55C32-25B9-4844-AB3B-62017C1C5FE4}.Release|Any CPU.ActiveCfg = Release|Any CPU
		{E5C55C32-25B9-4844-AB3B-62017C1C5FE4}.Release|Any CPU.Build.0 = Release|Any CPU
	EndGlobalSection
	GlobalSection(SolutionProperties) = preSolution
		HideSolutionNode = FALSE
	EndGlobalSection
	GlobalSection(ExtensibilityGlobals) = postSolution
		SolutionGuid = {9ED1349C-6094-4465-AA7D-37482DE04C4E}
	EndGlobalSection
EndGlobal
